# This file was autogenerated by Stack.
# You should not edit this file by hand.
# For more information, please see the documentation at:
#   https://docs.haskellstack.org/en/stable/lock_files

packages:
- completed:
    hackage: repa-3.4.1.4@sha256:5c836bc314ea04ac284d21117b361eb95829d793e8f82508535aa0ca04911d9e,3315
    pantry-tree:
      size: 2965
      sha256: 658dece8ff797a9ff0940ad812b966e0a93c3e4442f73c27b96d615106db7db8
  original:
    hackage: repa-3.4.1.4
snapshots:
- completed:
    size: 491163
    url: https://raw.githubusercontent.com/commercialhaskell/stackage-snapshots/master/lts/15/4.yaml
    sha256: bc60043a06b58902b533baa80fb566c0ec495c41e428bc0f8c1e8c15b2a4c468
  original: lts-15.4
